
Microsoft Visual Studio Solution File, Format Version 12.00
# Visual Studio 15
VisualStudioVersion = 15.0.28307.271
MinimumVisualStudioVersion = 10.0.40219.1
Project("{FAE04EC0-301F-11D3-BF4B-00C04F79EFBC}") = "Lab3", "Lab3\Lab3.csproj", "{C55AA614-2FEF-474C-A988-9851DF88B2DF}"
EndProject
Global
	GlobalSection(SolutionConfigurationPlatforms) = preSolution
		Debug|Any CPU = Debug|Any CPU
		Release|Any CPU = Release|Any CPU
	EndGlobalSection
	GlobalSection(ProjectConfigurationPlatforms) = postSolution
		{C55AA614-2FEF-474C-A988-9851DF88B2DF}.Debug|Any CPU.ActiveCfg = Debug|Any CPU
		{C55AA614-2FEF-474C-A988-9851DF88B2DF}.Debug|Any CPU.Build.0 = Debug|Any CPU
		{C55AA614-2FEF-474C-A988-9851DF88B2DF}.Release|Any CPU.ActiveCfg = Release|Any CPU
		{C55AA614-2FEF-474C-A988-9851DF88B2DF}.Release|Any CPU.Build.0 = Release|Any CPU
	EndGlobalSection
	GlobalSection(SolutionProperties) = preSolution
		HideSolutionNode = FALSE
	EndGlobalSection
	GlobalSection(ExtensibilityGlobals) = postSolution
		SolutionGuid = {C2124C77-47BB-4485-B4F9-63365440725F}
	EndGlobalSection
EndGlobal
